
Microsoft Visual Studio Solution File, Format Version 12.00
# Visual Studio Version 16
VisualStudioVersion = 16.0.31205.134
MinimumVisualStudioVersion = 10.0.40219.1
Project("{9A19103F-16F7-4668-BE54-9A1E7A4F7556}") = "ApplicationDev", "ApplicationDev\ApplicationDev.csproj", "{6135A726-44B4-4172-B79F-F6F4441B9A27}"
EndProject
Project("{FAE04EC0-301F-11D3-BF4B-00C04F79EFBC}") = "DEV_Form", "DEV_Form\DEV_Form.csproj", "{943A374D-8D9D-4671-BB22-866FED5856AE}"
EndProject
Global
	GlobalSection(SolutionConfigurationPlatforms) = preSolution
		Debug|Any CPU = Debug|Any CPU
		Release|Any CPU = Release|Any CPU
	EndGlobalSection
	GlobalSection(ProjectConfigurationPlatforms) = postSolution
		{6135A726-44B4-4172-B79F-F6F4441B9A27}.Debug|Any CPU.ActiveCfg = Debug|Any CPU
		{6135A726-44B4-4172-B79F-F6F4441B9A27}.Debug|Any CPU.Build.0 = Debug|Any CPU
		{6135A726-44B4-4172-B79F-F6F4441B9A27}.Release|Any CPU.ActiveCfg = Release|Any CPU
		{6135A726-44B4-4172-B79F-F6F4441B9A27}.Release|Any CPU.Build.0 = Release|Any CPU
		{943A374D-8D9D-4671-BB22-866FED5856AE}.Debug|Any CPU.ActiveCfg = Debug|Any CPU
		{943A374D-8D9D-4671-BB22-866FED5856AE}.Debug|Any CPU.Build.0 = Debug|Any CPU
		{943A374D-8D9D-4671-BB22-866FED5856AE}.Release|Any CPU.ActiveCfg = Release|Any CPU
		{943A374D-8D9D-4671-BB22-866FED5856AE}.Release|Any CPU.Build.0 = Release|Any CPU
	EndGlobalSection
	GlobalSection(SolutionProperties) = preSolution
		HideSolutionNode = FALSE
	EndGlobalSection
	GlobalSection(ExtensibilityGlobals) = postSolution
		SolutionGuid = {FF9148CF-ED62-4C3E-8E9D-5ABBF681EC34}
	EndGlobalSection
EndGlobal
